// !$*UTF8*$!
{
	archiveVersion = 1;
	classes = {
	};
	objectVersion = 56;
	objects = {

/* Begin PBXBuildFile section */
		A01155432A83A29900A5460D /* FruitCardView.swift in Sources */ = {isa = PBXBuildFile; fileRef = A01155422A83A29900A5460D /* FruitCardView.swift */; };
		A01155452A83A7DD00A5460D /* StartButtonView.swift in Sources */ = {isa = PBXBuildFile; fileRef = A01155442A83A7DD00A5460D /* StartButtonView.swift */; };
		A01155472A83AECA00A5460D /* OnboardingView.swift in Sources */ = {isa = PBXBuildFile; fileRef = A01155462A83AECA00A5460D /* OnboardingView.swift */; };
		A011554A2A83C83600A5460D /* FruitModel.swift in Sources */ = {isa = PBXBuildFile; fileRef = A01155492A83C83600A5460D /* FruitModel.swift */; };
		A011554D2A83C99300A5460D /* FruitData.swift in Sources */ = {isa = PBXBuildFile; fileRef = A011554C2A83C99300A5460D /* FruitData.swift */; };
		A025E2502A85ED080092F109 /* FruitDetailView.swift in Sources */ = {isa = PBXBuildFile; fileRef = A025E24F2A85ED080092F109 /* FruitDetailView.swift */; };
		A025E2522A85F23D0092F109 /* FruitHeaderView.swift in Sources */ = {isa = PBXBuildFile; fileRef = A025E2512A85F23D0092F109 /* FruitHeaderView.swift */; };
		A025E2542A85F6BC0092F109 /* SourceLinkView.swift in Sources */ = {isa = PBXBuildFile; fileRef = A025E2532A85F6BC0092F109 /* SourceLinkView.swift */; };
		A053027C2A84F12100193121 /* FruitRowView.swift in Sources */ = {isa = PBXBuildFile; fileRef = A053027B2A84F12100193121 /* FruitRowView.swift */; };
		A0E9FB6D2A811DE3000C538B /* EatFruitsApp.swift in Sources */ = {isa = PBXBuildFile; fileRef = A0E9FB6C2A811DE3000C538B /* EatFruitsApp.swift */; };
		A0E9FB6F2A811DE3000C538B /* ContentView.swift in Sources */ = {isa = PBXBuildFile; fileRef = A0E9FB6E2A811DE3000C538B /* ContentView.swift */; };
		A0E9FB712A811DE4000C538B /* Assets.xcassets in Resources */ = {isa = PBXBuildFile; fileRef = A0E9FB702A811DE4000C538B /* Assets.xcassets */; };
		A0E9FB742A811DE4000C538B /* Preview Assets.xcassets in Resources */ = {isa = PBXBuildFile; fileRef = A0E9FB732A811DE4000C538B /* Preview Assets.xcassets */; };
/* End PBXBuildFile section */

/* Begin PBXFileReference section */
		A01155422A83A29900A5460D /* FruitCardView.swift */ = {isa = PBXFileReference; lastKnownFileType = sourcecode.swift; path = FruitCardView.swift; sourceTree = "<group>"; };
		A01155442A83A7DD00A5460D /* StartButtonView.swift */ = {isa = PBXFileReference; lastKnownFileType = sourcecode.swift; path = StartButtonView.swift; sourceTree = "<group>"; };
		A01155462A83AECA00A5460D /* OnboardingView.swift */ = {isa = PBXFileReference; lastKnownFileType = sourcecode.swift; path = OnboardingView.swift; sourceTree = "<group>"; };
		A01155492A83C83600A5460D /* FruitModel.swift */ = {isa = PBXFileReference; lastKnownFileType = sourcecode.swift; path = FruitModel.swift; sourceTree = "<group>"; };
		A011554C2A83C99300A5460D /* FruitData.swift */ = {isa = PBXFileReference; lastKnownFileType = sourcecode.swift; path = FruitData.swift; sourceTree = "<group>"; };
		A025E24F2A85ED080092F109 /* FruitDetailView.swift */ = {isa = PBXFileReference; lastKnownFileType = sourcecode.swift; path = FruitDetailView.swift; sourceTree = "<group>"; };
		A025E2512A85F23D0092F109 /* FruitHeaderView.swift */ = {isa = PBXFileReference; lastKnownFileType = sourcecode.swift; path = FruitHeaderView.swift; sourceTree = "<group>"; };
		A025E2532A85F6BC0092F109 /* SourceLinkView.swift */ = {isa = PBXFileReference; lastKnownFileType = sourcecode.swift; path = SourceLinkView.swift; sourceTree = "<group>"; };
		A053027B2A84F12100193121 /* FruitRowView.swift */ = {isa = PBXFileReference; lastKnownFileType = sourcecode.swift; path = FruitRowView.swift; sourceTree = "<group>"; };
		A0E9FB692A811DE3000C538B /* EatFruits.app */ = {isa = PBXFileReference; explicitFileType = wrapper.application; includeInIndex = 0; path = EatFruits.app; sourceTree = BUILT_PRODUCTS_DIR; };
		A0E9FB6C2A811DE3000C538B /* EatFruitsApp.swift */ = {isa = PBXFileReference; lastKnownFileType = sourcecode.swift; path = EatFruitsApp.swift; sourceTree = "<group>"; };
		A0E9FB6E2A811DE3000C538B /* ContentView.swift */ = {isa = PBXFileReference; lastKnownFileType = sourcecode.swift; path = ContentView.swift; sourceTree = "<group>"; };
		A0E9FB702A811DE4000C538B /* Assets.xcassets */ = {isa = PBXFileReference; lastKnownFileType = folder.assetcatalog; path = Assets.xcassets; sourceTree = "<group>"; };
		A0E9FB732A811DE4000C538B /* Preview Assets.xcassets */ = {isa = PBXFileReference; lastKnownFileType = folder.assetcatalog; path = "Preview Assets.xcassets"; sourceTree = "<group>"; };
		A0E9FB7A2A8122C1000C538B /* Info.plist */ = {isa = PBXFileReference; lastKnownFileType = text.plist; path = Info.plist; sourceTree = "<group>"; };
/* End PBXFileReference section */

/* Begin PBXFrameworksBuildPhase section */
		A0E9FB662A811DE3000C538B /* Frameworks */ = {
			isa = PBXFrameworksBuildPhase;
			buildActionMask = 2147483647;
			files = (
			);
			runOnlyForDeploymentPostprocessing = 0;
		};
/* End PBXFrameworksBuildPhase section */

/* Begin PBXGroup section */
		A01155402A83A1EC00A5460D /* App */ = {
			isa = PBXGroup;
			children = (
				A0E9FB6C2A811DE3000C538B /* EatFruitsApp.swift */,
				A0E9FB6E2A811DE3000C538B /* ContentView.swift */,
				A01155462A83AECA00A5460D /* OnboardingView.swift */,
				A025E24F2A85ED080092F109 /* FruitDetailView.swift */,
			);
			path = App;
			sourceTree = "<group>";
		};
		A01155412A83A24900A5460D /* View */ = {
			isa = PBXGroup;
			children = (
				A01155422A83A29900A5460D /* FruitCardView.swift */,
				A01155442A83A7DD00A5460D /* StartButtonView.swift */,
				A053027B2A84F12100193121 /* FruitRowView.swift */,
				A025E2512A85F23D0092F109 /* FruitHeaderView.swift */,
				A025E2532A85F6BC0092F109 /* SourceLinkView.swift */,
			);
			path = View;
			sourceTree = "<group>";
		};
		A01155482A83C80D00A5460D /* Model */ = {
			isa = PBXGroup;
			children = (
				A01155492A83C83600A5460D /* FruitModel.swift */,
			);
			path = Model;
			sourceTree = "<group>";
		};
		A011554B2A83C97C00A5460D /* Data */ = {
			isa = PBXGroup;
			children = (
				A011554C2A83C99300A5460D /* FruitData.swift */,
			);
			path = Data;
			sourceTree = "<group>";
		};
		A0E9FB602A811DE3000C538B = {
			isa = PBXGroup;
			children = (
				A0E9FB6B2A811DE3000C538B /* EatFruits */,
				A0E9FB6A2A811DE3000C538B /* Products */,
			);
			sourceTree = "<group>";
		};
		A0E9FB6A2A811DE3000C538B /* Products */ = {
			isa = PBXGroup;
			children = (
				A0E9FB692A811DE3000C538B /* EatFruits.app */,
			);
			name = Products;
			sourceTree = "<group>";
		};
		A0E9FB6B2A811DE3000C538B /* EatFruits */ = {
			isa = PBXGroup;
			children = (
				A011554B2A83C97C00A5460D /* Data */,
				A01155482A83C80D00A5460D /* Model */,
				A0E9FB7A2A8122C1000C538B /* Info.plist */,
				A01155412A83A24900A5460D /* View */,
				A01155402A83A1EC00A5460D /* App */,
				A0E9FB702A811DE4000C538B /* Assets.xcassets */,
				A0E9FB722A811DE4000C538B /* Preview Content */,
			);
			path = EatFruits;
			sourceTree = "<group>";
		};
		A0E9FB722A811DE4000C538B /* Preview Content */ = {
			isa = PBXGroup;
			children = (
				A0E9FB732A811DE4000C538B /* Preview Assets.xcassets */,
			);
			path = "Preview Content";
			sourceTree = "<group>";
		};
/* End PBXGroup section */

/* Begin PBXNativeTarget section */
		A0E9FB682A811DE3000C538B /* EatFruits */ = {
			isa = PBXNativeTarget;
			buildConfigurationList = A0E9FB772A811DE4000C538B /* Build configuration list for PBXNativeTarget "EatFruits" */;
			buildPhases = (
				A0E9FB652A811DE3000C538B /* Sources */,
				A0E9FB662A811DE3000C538B /* Frameworks */,
				A0E9FB672A811DE3000C538B /* Resources */,
			);
			buildRules = (
			);
			dependencies = (
			);
			name = EatFruits;
			productName = EatFruits;
			productReference = A0E9FB692A811DE3000C538B /* EatFruits.app */;
			productType = "com.apple.product-type.application";
		};
/* End PBXNativeTarget section */

/* Begin PBXProject section */
		A0E9FB612A811DE3000C538B /* Project object */ = {
			isa = PBXProject;
			attributes = {
				BuildIndependentTargetsInParallel = 1;
				LastSwiftUpdateCheck = 1430;
				LastUpgradeCheck = 1430;
				TargetAttributes = {
					A0E9FB682A811DE3000C538B = {
						CreatedOnToolsVersion = 14.3;
					};
				};
			};
			buildConfigurationList = A0E9FB642A811DE3000C538B /* Build configuration list for PBXProject "EatFruits" */;
			compatibilityVersion = "Xcode 14.0";
			developmentRegion = en;
			hasScannedForEncodings = 0;
			knownRegions = (
				en,
				Base,
			);
			mainGroup = A0E9FB602A811DE3000C538B;
			productRefGroup = A0E9FB6A2A811DE3000C538B /* Products */;
			projectDirPath = "";
			projectRoot = "";
			targets = (
				A0E9FB682A811DE3000C538B /* EatFruits */,
			);
		};
/* End PBXProject section */

/* Begin PBXResourcesBuildPhase section */
		A0E9FB672A811DE3000C538B /* Resources */ = {
			isa = PBXResourcesBuildPhase;
			buildActionMask = 2147483647;
			files = (
				A0E9FB742A811DE4000C538B /* Preview Assets.xcassets in Resources */,
				A0E9FB712A811DE4000C538B /* Assets.xcassets in Resources */,
			);
			runOnlyForDeploymentPostprocessing = 0;
		};
/* End PBXResourcesBuildPhase section */

/* Begin PBXSourcesBuildPhase section */
		A0E9FB652A811DE3000C538B /* Sources */ = {
			isa = PBXSourcesBuildPhase;
			buildActionMask = 2147483647;
			files = (
				A011554D2A83C99300A5460D /* FruitData.swift in Sources */,
				A025E2542A85F6BC0092F109 /* SourceLinkView.swift in Sources */,
				A01155432A83A29900A5460D /* FruitCardView.swift in Sources */,
				A053027C2A84F12100193121 /* FruitRowView.swift in Sources */,
				A01155452A83A7DD00A5460D /* StartButtonView.swift in Sources */,
				A025E2502A85ED080092F109 /* FruitDetailView.swift in Sources */,
				A0E9FB6F2A811DE3000C538B /* ContentView.swift in Sources */,
				A025E2522A85F23D0092F109 /* FruitHeaderView.swift in Sources */,
				A01155472A83AECA00A5460D /* OnboardingView.swift in Sources */,
				A011554A2A83C83600A5460D /* FruitModel.swift in Sources */,
				A0E9FB6D2A811DE3000C538B /* EatFruitsApp.swift in Sources */,
			);
			runOnlyForDeploymentPostprocessing = 0;
		};
/* End PBXSourcesBuildPhase section */

/* Begin XCBuildConfiguration section */
		A0E9FB752A811DE4000C538B /* Debug */ = {
			isa = XCBuildConfiguration;
			buildSettings = {
				ALWAYS_SEARCH_USER_PATHS = NO;
				CLANG_ANALYZER_NONNULL = YES;
				CLANG_ANALYZER_NUMBER_OBJECT_CONVERSION = YES_AGGRESSIVE;
				CLANG_CXX_LANGUAGE_STANDARD = "gnu++20";
				CLANG_ENABLE_MODULES = YES;
				CLANG_ENABLE_OBJC_ARC = YES;
				CLANG_ENABLE_OBJC_WEAK = YES;
				CLANG_WARN_BLOCK_CAPTURE_AUTORELEASING = YES;
				CLANG_WARN_BOOL_CONVERSION = YES;
				CLANG_WARN_COMMA = YES;
				CLANG_WARN_CONSTANT_CONVERSION = YES;
				CLANG_WARN_DEPRECATED_OBJC_IMPLEMENTATIONS = YES;
				CLANG_WARN_DIRECT_OBJC_ISA_USAGE = YES_ERROR;
				CLANG_WARN_DOCUMENTATION_COMMENTS = YES;
				CLANG_WARN_EMPTY_BODY = YES;
				CLANG_WARN_ENUM_CONVERSION = YES;
				CLANG_WARN_INFINITE_RECURSION = YES;
				CLANG_WARN_INT_CONVERSION = YES;
				CLANG_WARN_NON_LITERAL_NULL_CONVERSION = YES;
				CLANG_WARN_OBJC_IMPLICIT_RETAIN_SELF = YES;
				CLANG_WARN_OBJC_LITERAL_CONVERSION = YES;
				CLANG_WARN_OBJC_ROOT_CLASS = YES_ERROR;
				CLANG_WARN_QUOTED_INCLUDE_IN_FRAMEWORK_HEADER = YES;
				CLANG_WARN_RANGE_LOOP_ANALYSIS = YES;
				CLANG_WARN_STRICT_PROTOTYPES = YES;
				CLANG_WARN_SUSPICIOUS_MOVE = YES;
				CLANG_WARN_UNGUARDED_AVAILABILITY = YES_AGGRESSIVE;
				CLANG_WARN_UNREACHABLE_CODE = YES;
				CLANG_WARN__DUPLICATE_METHOD_MATCH = YES;
				COPY_PHASE_STRIP = NO;
				DEBUG_INFORMATION_FORMAT = dwarf;
				ENABLE_STRICT_OBJC_MSGSEND = YES;
				ENABLE_TESTABILITY = YES;
				GCC_C_LANGUAGE_STANDARD = gnu11;
				GCC_DYNAMIC_NO_PIC = NO;
				GCC_NO_COMMON_BLOCKS = YES;
				GCC_OPTIMIZATION_LEVEL = 0;
				GCC_PREPROCESSOR_DEFINITIONS = (
					"DEBUG=1",
					"$(inherited)",
				);
				GCC_WARN_64_TO_32_BIT_CONVERSION = YES;
				GCC_WARN_ABOUT_RETURN_TYPE = YES_ERROR;
				GCC_WARN_UNDECLARED_SELECTOR = YES;
				GCC_WARN_UNINITIALIZED_AUTOS = YES_AGGRESSIVE;
				GCC_WARN_UNUSED_FUNCTION = YES;
				GCC_WARN_UNUSED_VARIABLE = YES;
				IPHONEOS_DEPLOYMENT_TARGET = 16.4;
				MTL_ENABLE_DEBUG_INFO = INCLUDE_SOURCE;
				MTL_FAST_MATH = YES;
				ONLY_ACTIVE_ARCH = YES;
				SDKROOT = iphoneos;
				SWIFT_ACTIVE_COMPILATION_CONDITIONS = DEBUG;
				SWIFT_OPTIMIZATION_LEVEL = "-Onone";
			};
			name = Debug;
		};
		A0E9FB762A811DE4000C538B /* Release */ = {
			isa = XCBuildConfiguration;
			buildSettings = {
				ALWAYS_SEARCH_USER_PATHS = NO;
				CLANG_ANALYZER_NONNULL = YES;
				CLANG_ANALYZER_NUMBER_OBJECT_CONVERSION = YES_AGGRESSIVE;
				CLANG_CXX_LANGUAGE_STANDARD = "gnu++20";
				CLANG_ENABLE_MODULES = YES;
				CLANG_ENABLE_OBJC_ARC = YES;
				CLANG_ENABLE_OBJC_WEAK = YES;
				CLANG_WARN_BLOCK_CAPTURE_AUTORELEASING = YES;
				CLANG_WARN_BOOL_CONVERSION = YES;
				CLANG_WARN_COMMA = YES;
				CLANG_WARN_CONSTANT_CONVERSION = YES;
				CLANG_WARN_DEPRECATED_OBJC_IMPLEMENTATIONS = YES;
				CLANG_WARN_DIRECT_OBJC_ISA_USAGE = YES_ERROR;
				CLANG_WARN_DOCUMENTATION_COMMENTS = YES;
				CLANG_WARN_EMPTY_BODY = YES;
				CLANG_WARN_ENUM_CONVERSION = YES;
				CLANG_WARN_INFINITE_RECURSION = YES;
				CLANG_WARN_INT_CONVERSION = YES;
				CLANG_WARN_NON_LITERAL_NULL_CONVERSION = YES;
				CLANG_WARN_OBJC_IMPLICIT_RETAIN_SELF = YES;
				CLANG_WARN_OBJC_LITERAL_CONVERSION = YES;
				CLANG_WARN_OBJC_ROOT_CLASS = YES_ERROR;
				CLANG_WARN_QUOTED_INCLUDE_IN_FRAMEWORK_HEADER = YES;
				CLANG_WARN_RANGE_LOOP_ANALYSIS = YES;
				CLANG_WARN_STRICT_PROTOTYPES = YES;
				CLANG_WARN_SUSPICIOUS_MOVE = YES;
				CLANG_WARN_UNGUARDED_AVAILABILITY = YES_AGGRESSIVE;
				CLANG_WARN_UNREACHABLE_CODE = YES;
				CLANG_WARN__DUPLICATE_METHOD_MATCH = YES;
				COPY_PHASE_STRIP = NO;
				DEBUG_INFORMATION_FORMAT = "dwarf-with-dsym";
				ENABLE_NS_ASSERTIONS = NO;
				ENABLE_STRICT_OBJC_MSGSEND = YES;
				GCC_C_LANGUAGE_STANDARD = gnu11;
				GCC_NO_COMMON_BLOCKS = YES;
				GCC_WARN_64_TO_32_BIT_CONVERSION = YES;
				GCC_WARN_ABOUT_RETURN_TYPE = YES_ERROR;
				GCC_WARN_UNDECLARED_SELECTOR = YES;
				GCC_WARN_UNINITIALIZED_AUTOS = YES_AGGRESSIVE;
				GCC_WARN_UNUSED_FUNCTION = YES;
				GCC_WARN_UNUSED_VARIABLE = YES;
				IPHONEOS_DEPLOYMENT_TARGET = 16.4;
				MTL_ENABLE_DEBUG_INFO = NO;
				MTL_FAST_MATH = YES;
				SDKROOT = iphoneos;
				SWIFT_COMPILATION_MODE = wholemodule;
				SWIFT_OPTIMIZATION_LEVEL = "-O";
				VALIDATE_PRODUCT = YES;
			};
			name = Release;
		};
		A0E9FB782A811DE4000C538B /* Debug */ = {
			isa = XCBuildConfiguration;
			buildSettings = {
				ASSETCATALOG_COMPILER_APPICON_NAME = AppIcon;
				ASSETCATALOG_COMPILER_GLOBAL_ACCENT_COLOR_NAME = AccentColor;
				CODE_SIGN_STYLE = Automatic;
				CURRENT_PROJECT_VERSION = 1;
				DEVELOPMENT_ASSET_PATHS = "\"EatFruits/Preview Content\"";
				DEVELOPMENT_TEAM = 985R44ND7P;
				ENABLE_PREVIEWS = YES;
				GENERATE_INFOPLIST_FILE = YES;
				INFOPLIST_FILE = EatFruits/Info.plist;
				INFOPLIST_KEY_UIApplicationSceneManifest_Generation = YES;
				INFOPLIST_KEY_UIApplicationSupportsIndirectInputEvents = YES;
				INFOPLIST_KEY_UISupportedInterfaceOrientations = UIInterfaceOrientationPortrait;
				LD_RUNPATH_SEARCH_PATHS = (
					"$(inherited)",
					"@executable_path/Frameworks",
				);
				MARKETING_VERSION = 1.0;
				PRODUCT_BUNDLE_IDENTIFIER = com.aayam.EatFruits;
				PRODUCT_NAME = "$(TARGET_NAME)";
				SWIFT_EMIT_LOC_STRINGS = YES;
				SWIFT_VERSION = 5.0;
				TARGETED_DEVICE_FAMILY = "1,2";
			};
			name = Debug;
		};
		A0E9FB792A811DE4000C538B /* Release */ = {
			isa = XCBuildConfiguration;
			buildSettings = {
				ASSETCATALOG_COMPILER_APPICON_NAME = AppIcon;
				ASSETCATALOG_COMPILER_GLOBAL_ACCENT_COLOR_NAME = AccentColor;
				CODE_SIGN_STYLE = Automatic;
				CURRENT_PROJECT_VERSION = 1;
				DEVELOPMENT_ASSET_PATHS = "\"EatFruits/Preview Content\"";
				DEVELOPMENT_TEAM = 985R44ND7P;
				ENABLE_PREVIEWS = YES;
				GENERATE_INFOPLIST_FILE = YES;
				INFOPLIST_FILE = EatFruits/Info.plist;
				INFOPLIST_KEY_UIApplicationSceneManifest_Generation = YES;
				INFOPLIST_KEY_UIApplicationSupportsIndirectInputEvents = YES;
				INFOPLIST_KEY_UISupportedInterfaceOrientations = UIInterfaceOrientationPortrait;
				LD_RUNPATH_SEARCH_PATHS = (
					"$(inherited)",
					"@executable_path/Frameworks",
				);
				MARKETING_VERSION = 1.0;
				PRODUCT_BUNDLE_IDENTIFIER = com.aayam.EatFruits;
				PRODUCT_NAME = "$(TARGET_NAME)";
				SWIFT_EMIT_LOC_STRINGS = YES;
				SWIFT_VERSION = 5.0;
				TARGETED_DEVICE_FAMILY = "1,2";
			};
			name = Release;
		};
/* End XCBuildConfiguration section */

/* Begin XCConfigurationList section */
		A0E9FB642A811DE3000C538B /* Build configuration list for PBXProject "EatFruits" */ = {
			isa = XCConfigurationList;
			buildConfigurations = (
				A0E9FB752A811DE4000C538B /* Debug */,
				A0E9FB762A811DE4000C538B /* Release */,
			);
			defaultConfigurationIsVisible = 0;
			defaultConfigurationName = Release;
		};
		A0E9FB772A811DE4000C538B /* Build configuration list for PBXNativeTarget "EatFruits" */ = {
			isa = XCConfigurationList;
			buildConfigurations = (
				A0E9FB782A811DE4000C538B /* Debug */,
				A0E9FB792A811DE4000C538B /* Release */,
			);
			defaultConfigurationIsVisible = 0;
			defaultConfigurationName = Release;
		};
/* End XCConfigurationList section */
	};
	rootObject = A0E9FB612A811DE3000C538B /* Project object */;
}
